
Microsoft Visual Studio Solution File, Format Version 12.00
# Visual Studio 15
VisualStudioVersion = 15.0.28307.1340
MinimumVisualStudioVersion = 10.0.40219.1
Project("{FAE04EC0-301F-11D3-BF4B-00C04F79EFBC}") = "ProyectoSoap", "ProyectoSoap\ProyectoSoap.csproj", "{49244FDA-2A97-4CD8-B4F8-22A76CB1A38E}"
EndProject
Global
	GlobalSection(SolutionConfigurationPlatforms) = preSolution
		Debug|Any CPU = Debug|Any CPU
		Release|Any CPU = Release|Any CPU
	EndGlobalSection
	GlobalSection(ProjectConfigurationPlatforms) = postSolution
		{49244FDA-2A97-4CD8-B4F8-22A76CB1A38E}.Debug|Any CPU.ActiveCfg = Debug|Any CPU
		{49244FDA-2A97-4CD8-B4F8-22A76CB1A38E}.Debug|Any CPU.Build.0 = Debug|Any CPU
		{49244FDA-2A97-4CD8-B4F8-22A76CB1A38E}.Release|Any CPU.ActiveCfg = Release|Any CPU
		{49244FDA-2A97-4CD8-B4F8-22A76CB1A38E}.Release|Any CPU.Build.0 = Release|Any CPU
	EndGlobalSection
	GlobalSection(SolutionProperties) = preSolution
		HideSolutionNode = FALSE
	EndGlobalSection
	GlobalSection(ExtensibilityGlobals) = postSolution
		SolutionGuid = {94135D11-C741-4B5E-AB25-10BE3C5CE685}
	EndGlobalSection
EndGlobal
